
Microsoft Visual Studio Solution File, Format Version 12.00
# Visual Studio Version 16
VisualStudioVersion = 16.0.30320.27
MinimumVisualStudioVersion = 10.0.40219.1
Project("{FAE04EC0-301F-11D3-BF4B-00C04F79EFBC}") = "ClassLibrary1", "ClassLibrary1\ClassLibrary1.csproj", "{9B8BB0E6-9690-44D4-A611-5EA331BD0060}"
EndProject
Project("{FAE04EC0-301F-11D3-BF4B-00C04F79EFBC}") = "ClassLibrary2", "ClassLibrary2\ClassLibrary2.csproj", "{9AC799B7-7599-4E92-A961-1B984CE55F9B}"
EndProject
Global
	GlobalSection(SolutionConfigurationPlatforms) = preSolution
		Debug|Any CPU = Debug|Any CPU
		Release|Any CPU = Release|Any CPU
	EndGlobalSection
	GlobalSection(ProjectConfigurationPlatforms) = postSolution
		{9B8BB0E6-9690-44D4-A611-5EA331BD0060}.Debug|Any CPU.ActiveCfg = Debug|Any CPU
		{9B8BB0E6-9690-44D4-A611-5EA331BD0060}.Debug|Any CPU.Build.0 = Debug|Any CPU
		{9B8BB0E6-9690-44D4-A611-5EA331BD0060}.Release|Any CPU.ActiveCfg = Release|Any CPU
		{9B8BB0E6-9690-44D4-A611-5EA331BD0060}.Release|Any CPU.Build.0 = Release|Any CPU
		{9AC799B7-7599-4E92-A961-1B984CE55F9B}.Debug|Any CPU.ActiveCfg = Debug|Any CPU
		{9AC799B7-7599-4E92-A961-1B984CE55F9B}.Debug|Any CPU.Build.0 = Debug|Any CPU
		{9AC799B7-7599-4E92-A961-1B984CE55F9B}.Release|Any CPU.ActiveCfg = Release|Any CPU
		{9AC799B7-7599-4E92-A961-1B984CE55F9B}.Release|Any CPU.Build.0 = Release|Any CPU
	EndGlobalSection
	GlobalSection(SolutionProperties) = preSolution
		HideSolutionNode = FALSE
	EndGlobalSection
	GlobalSection(ExtensibilityGlobals) = postSolution
		SolutionGuid = {68070DB2-C079-46F3-AC97-2721B0011C2A}
	EndGlobalSection
EndGlobal
